
Microsoft Visual Studio Solution File, Format Version 12.00
# Visual Studio Version 16
VisualStudioVersion = 16.0.28917.182
MinimumVisualStudioVersion = 10.0.40219.1
Project("{FAE04EC0-301F-11D3-BF4B-00C04F79EFBC}") = "COMP2614Lab04", "COMP2614Lab04\COMP2614Lab04.csproj", "{A1BA8F8C-0A6C-419E-B669-69C38D60B8F5}"
EndProject
Global
	GlobalSection(SolutionConfigurationPlatforms) = preSolution
		Debug|Any CPU = Debug|Any CPU
		Release|Any CPU = Release|Any CPU
	EndGlobalSection
	GlobalSection(ProjectConfigurationPlatforms) = postSolution
		{A1BA8F8C-0A6C-419E-B669-69C38D60B8F5}.Debug|Any CPU.ActiveCfg = Debug|Any CPU
		{A1BA8F8C-0A6C-419E-B669-69C38D60B8F5}.Debug|Any CPU.Build.0 = Debug|Any CPU
		{A1BA8F8C-0A6C-419E-B669-69C38D60B8F5}.Release|Any CPU.ActiveCfg = Release|Any CPU
		{A1BA8F8C-0A6C-419E-B669-69C38D60B8F5}.Release|Any CPU.Build.0 = Release|Any CPU
	EndGlobalSection
	GlobalSection(SolutionProperties) = preSolution
		HideSolutionNode = FALSE
	EndGlobalSection
	GlobalSection(ExtensibilityGlobals) = postSolution
		SolutionGuid = {0902928B-4B97-4C61-8FD4-04B82CEEA226}
	EndGlobalSection
EndGlobal
